{
  "version": "5",
  "specifiers": {
    "jsr:@db/mysql@^3.0.0-rc.1": "3.0.0-rc.1",
    "jsr:@oak/commons@1": "1.0.1",
    "jsr:@oak/oak@^17.2.0": "17.2.0",
    "jsr:@std/assert@0.221": "0.221.0",
    "jsr:@std/assert@0.224": "0.224.0",
    "jsr:@std/assert@1": "1.0.19",
    "jsr:@std/assert@~0.222.1": "0.222.1",
    "jsr:@std/bytes@1": "1.0.6",
    "jsr:@std/cli@^1.0.28": "1.0.28",
    "jsr:@std/crypto@0.221": "0.221.0",
    "jsr:@std/crypto@1": "1.0.5",
    "jsr:@std/dotenv@0.225": "0.225.6",
    "jsr:@std/encoding@0.221": "0.221.0",
    "jsr:@std/encoding@1": "1.0.10",
    "jsr:@std/encoding@^1.0.10": "1.0.10",
    "jsr:@std/fmt@0.221": "0.221.0",
    "jsr:@std/fmt@0.224": "0.224.0",
    "jsr:@std/fmt@^1.0.9": "1.0.9",
    "jsr:@std/fs@0.221": "0.221.0",
    "jsr:@std/fs@^1.0.23": "1.0.23",
    "jsr:@std/html@^1.0.5": "1.0.5",
    "jsr:@std/http@1": "1.0.25",
    "jsr:@std/http@^1.0.25": "1.0.25",
    "jsr:@std/internal@0.224": "0.224.0",
    "jsr:@std/internal@^1.0.12": "1.0.12",
    "jsr:@std/io@0.221": "0.221.0",
    "jsr:@std/log@0.221": "0.221.0",
    "jsr:@std/media-types@1": "1.1.0",
    "jsr:@std/media-types@^1.1.0": "1.1.0",
    "jsr:@std/net@^1.0.6": "1.0.6",
    "jsr:@std/path@1": "1.1.4",
    "jsr:@std/path@^1.1.4": "1.1.4",
    "jsr:@std/path@~0.222.1": "0.222.1",
    "jsr:@std/streams@^1.0.17": "1.0.17",
    "jsr:@std/text@~0.222.1": "0.222.1",
    "jsr:@stdext/collections@^0.0.5": "0.0.5",
    "jsr:@stdext/encoding@^0.0.2": "0.0.2",
    "jsr:@stdext/sql@0.0.0-5": "0.0.0-5",
    "npm:path-to-regexp@^6.3.0": "6.3.0"
  },
  "jsr": {
    "@db/mysql@3.0.0-rc.1": {
      "integrity": "805fc1b0d531ee9fc4512ad77e49853b8f2f01613432c57d3234bc40da42b790",
      "dependencies": [
        "jsr:@std/crypto@0.221",
        "jsr:@std/encoding@0.221",
        "jsr:@std/log",
        "jsr:@std/path@~0.222.1",
        "jsr:@std/text",
        "jsr:@stdext/collections",
        "jsr:@stdext/encoding",
        "jsr:@stdext/sql"
      ]
    },
    "@oak/commons@1.0.1": {
      "integrity": "889ff210f0b4292591721be07244ecb1b5c118742f5273c70cf30d7cd4184d0c",
      "dependencies": [
        "jsr:@std/assert@1",
        "jsr:@std/bytes",
        "jsr:@std/crypto@1",
        "jsr:@std/encoding@1",
        "jsr:@std/http@1",
        "jsr:@std/media-types@1"
      ]
    },
    "@oak/oak@17.2.0": {
      "integrity": "938537a92fc7922a46a9984696c65fb189c9baad164416ac3e336768a9ff0cd1",
      "dependencies": [
        "jsr:@oak/commons",
        "jsr:@std/assert@1",
        "jsr:@std/bytes",
        "jsr:@std/http@1",
        "jsr:@std/media-types@1",
        "jsr:@std/path@1",
        "npm:path-to-regexp"
      ]
    },
    "@std/assert@0.221.0": {
      "integrity": "a5f1aa6e7909dbea271754fd4ab3f4e687aeff4873b4cef9a320af813adb489a"
    },
    "@std/assert@0.222.1": {
      "integrity": "691637161ee584a9919d1f9950ddd1272feb8e0a19e83aa5b7563cedaf73d74c"
    },
    "@std/assert@0.224.0": {
      "integrity": "8643233ec7aec38a940a8264a6e3eed9bfa44e7a71cc6b3c8874213ff401967f",
      "dependencies": [
        "jsr:@std/fmt@0.224",
        "jsr:@std/internal@0.224"
      ]
    },
    "@std/assert@1.0.19": {
      "integrity": "eaada96ee120cb980bc47e040f82814d786fe8162ecc53c91d8df60b8755991e",
      "dependencies": [
        "jsr:@std/internal@^1.0.12"
      ]
    },
    "@std/bytes@1.0.6": {
      "integrity": "f6ac6adbd8ccd99314045f5703e23af0a68d7f7e58364b47d2c7f408aeb5820a"
    },
    "@std/cli@1.0.28": {
      "integrity": "74ef9b976db59ca6b23a5283469c9072be6276853807a83ec6c7ce412135c70a"
    },
    "@std/crypto@0.221.0": {
      "integrity": "d851a335e510bcebcdaa109ac0d8f2075efa5538ead8e3dd5ab5984c7e9a8d6b",
      "dependencies": [
        "jsr:@std/assert@0.221",
        "jsr:@std/encoding@0.221"
      ]
    },
    "@std/crypto@1.0.5": {
      "integrity": "0dcfbb319fe0bba1bd3af904ceb4f948cde1b92979ec1614528380ed308a3b40"
    },
    "@std/dotenv@0.225.6": {
      "integrity": "1d6f9db72f565bd26790fa034c26e45ecb260b5245417be76c2279e5734c421b"
    },
    "@std/encoding@0.221.0": {
      "integrity": "d1dd76ef0dc5d14088411e6dc1dede53bf8308c95d1537df1214c97137208e45"
    },
    "@std/encoding@1.0.10": {
      "integrity": "8783c6384a2d13abd5e9e87a7ae0520a30e9f56aeeaa3bdf910a3eaaf5c811a1"
    },
    "@std/fmt@0.221.0": {
      "integrity": "379fed69bdd9731110f26b9085aeb740606b20428ce6af31ef6bd45ef8efa62a"
    },
    "@std/fmt@0.224.0": {
      "integrity": "e20e9a2312a8b5393272c26191c0a68eda8d2c4b08b046bad1673148f1d69851"
    },
    "@std/fmt@1.0.9": {
      "integrity": "2487343e8899fb2be5d0e3d35013e54477ada198854e52dd05ed0422eddcabe0"
    },
    "@std/fs@0.221.0": {
      "integrity": "028044450299de8ed5a716ade4e6d524399f035513b85913794f4e81f07da286"
    },
    "@std/fs@1.0.23": {
      "integrity": "3ecbae4ce4fee03b180fa710caff36bb5adb66631c46a6460aaad49515565a37"
    },
    "@std/html@1.0.5": {
      "integrity": "4e2d693f474cae8c16a920fa5e15a3b72267b94b84667f11a50c6dd1cb18d35e"
    },
    "@std/http@1.0.25": {
      "integrity": "577b4252290af1097132812b339fffdd55fb0f4aeb98ff11bdbf67998aa17193",
      "dependencies": [
        "jsr:@std/cli",
        "jsr:@std/encoding@^1.0.10",
        "jsr:@std/fmt@^1.0.9",
        "jsr:@std/fs@^1.0.23",
        "jsr:@std/html",
        "jsr:@std/media-types@^1.1.0",
        "jsr:@std/net",
        "jsr:@std/path@^1.1.4",
        "jsr:@std/streams"
      ]
    },
    "@std/internal@0.224.0": {
      "integrity": "afc50644f9cdf4495eeb80523a8f6d27226b4b36c45c7c195dfccad4b8509291",
      "dependencies": [
        "jsr:@std/fmt@0.224"
      ]
    },
    "@std/internal@1.0.12": {
      "integrity": "972a634fd5bc34b242024402972cd5143eac68d8dffaca5eaa4dba30ce17b027"
    },
    "@std/io@0.221.0": {
      "integrity": "faf7f8700d46ab527fa05cc6167f4b97701a06c413024431c6b4d207caa010da"
    },
    "@std/log@0.221.0": {
      "integrity": "562cd3514c4e12767337fca8c5a4b8eed01c49f0e19551d34ea376b243d2c530",
      "dependencies": [
        "jsr:@std/assert@0.221",
        "jsr:@std/fmt@0.221",
        "jsr:@std/fs@0.221",
        "jsr:@std/io"
      ]
    },
    "@std/media-types@1.1.0": {
      "integrity": "c9d093f0c05c3512932b330e3cc1fe1d627b301db33a4c2c2185c02471d6eaa4"
    },
    "@std/net@1.0.6": {
      "integrity": "110735f93e95bb9feb95790a8b1d1bf69ec0dc74f3f97a00a76ea5efea25500c"
    },
    "@std/path@0.222.1": {
      "integrity": "aad3e9463ca53b0adb25b4d5beb330025674aaa3278da24c1c261d9289a9e48b",
      "dependencies": [
        "jsr:@std/assert@~0.222.1"
      ]
    },
    "@std/path@1.1.4": {
      "integrity": "1d2d43f39efb1b42f0b1882a25486647cb851481862dc7313390b2bb044314b5",
      "dependencies": [
        "jsr:@std/internal@^1.0.12"
      ]
    },
    "@std/streams@1.0.17": {
      "integrity": "7859f3d9deed83cf4b41f19223d4a67661b3d3819e9fc117698f493bf5992140"
    },
    "@std/text@0.222.1": {
      "integrity": "2a6ec21c153601829c7d47647945d71a3ec986254f6335dd3c22b5fd8daa9b9a",
      "dependencies": [
        "jsr:@std/assert@~0.222.1"
      ]
    },
    "@stdext/collections@0.0.5": {
      "integrity": "45e8e3dca587ad69a931b59cca002877df56d63f56dceeddbac19f5621d4a8ae"
    },
    "@stdext/encoding@0.0.2": {
      "integrity": "b72e3d7cf1ef6efc19aaca446a9b1a130ea86a2a92dc7dc8396d1cbe386f1f63"
    },
    "@stdext/sql@0.0.0-5": {
      "integrity": "3e083260abf67a727da3730042a4593cded5fc5f0b129405ecc1091f37c4320e",
      "dependencies": [
        "jsr:@std/assert@0.224"
      ]
    }
  },
  "npm": {
    "path-to-regexp@6.3.0": {
      "integrity": "sha512-Yhpw4T9C6hPpgPeA28us07OJeqZ5EzQTkbfwuhsUg0c237RomFoETJgmp2sa3F/41gfLE6G5cqcYwznmeEeOlQ=="
    }
  },
  "remote": {
    "https://deno.land/x/cors@v1.2.1/abcCors.ts": "bacdcb2c9fbe2dbe71bf89a6fc1d87f77707aa475afb6440d1bdf667e21b9d58",
    "https://deno.land/x/cors@v1.2.1/attainCors.ts": "3702f0ad58293c501594dffebce7185e0d93d9e01ec27a62009ad735851bdebd",
    "https://deno.land/x/cors@v1.2.1/cors.ts": "60f6d07821fbd890f58cb78edc82f70a3f7f374a27a2c2152c7a7d77a58bef77",
    "https://deno.land/x/cors@v1.2.1/mithCors.ts": "ae11b8b0a1cb04849c49ac6475251c64048054cbd52d0c68b4b07798d057a434",
    "https://deno.land/x/cors@v1.2.1/mod.ts": "2b351913f56d77ad80cb3b8633d4539c9eeddb426dae79437ada0e6a9cb4f1a6",
    "https://deno.land/x/cors@v1.2.1/oakCors.ts": "6188b4946c4b421372a77aaca61daa3b1c17720c6a09b967700258f28a06a6cc",
    "https://deno.land/x/cors@v1.2.1/opineCors.ts": "944c56639abbb5698bb0769440d7cb9d4a900e8f44f1c7910904a61bf97c20ff",
    "https://deno.land/x/cors@v1.2.1/types.ts": "97546633ccc7f0df7a29bacba5d91dc6f61decdd1b65258300244dba905d34b8"
  },
  "workspace": {
    "dependencies": [
      "jsr:@db/mysql@^3.0.0-rc.1",
      "jsr:@oak/oak@^17.2.0",
      "jsr:@std/assert@1",
      "jsr:@std/dotenv@0.225",
      "jsr:@std/http@^1.0.25"
    ]
  }
}
